PODS:
  - ProgressHUD (2.70)
  - R.swift (5.2.2):
    - R.swift.Library (~> 5.2.0)
  - R.swift.Library (5.2.0)
  - SDWebImage (5.8.4):
    - SDWebImage/Core (= 5.8.4)
  - SDWebImage/Core (5.8.4)
  - SnapKit (5.0.1)

DEPENDENCIES:
  - ProgressHUD
  - R.swift
  - SDWebImage
  - SnapKit (~> 5.0.0)

SPEC REPOS:
  trunk:
    - ProgressHUD
    - R.swift
    - R.swift.Library
    - SDWebImage
    - SnapKit

SPEC CHECKSUMS:
  ProgressHUD: e603e8b8622c47d8818b9fb38b3cfe9d3e7ca421
  R.swift: 7c52cdc57a66840ffe6cbd8a823d732059d42a32
  R.swift.Library: 5ba4f1631300caf9a4d890186930da85d540769d
  SDWebImage: cf6922231e95550934da2ada0f20f2becf2ceba9
  SnapKit: 97b92857e3df3a0c71833cce143274bf6ef8e5eb

PODFILE CHECKSUM: cf6611643e9645aece25b207c04f3a41cae36feb

COCOAPODS: 1.9.3
