PODS:
  - R.swift (5.2.2):
    - R.swift.Library (~> 5.2.0)
  - R.swift.Library (5.2.0)

DEPENDENCIES:
  - R.swift

SPEC REPOS:
  trunk:
    - R.swift
    - R.swift.Library

SPEC CHECKSUMS:
  R.swift: 7c52cdc57a66840ffe6cbd8a823d732059d42a32
  R.swift.Library: 5ba4f1631300caf9a4d890186930da85d540769d

PODFILE CHECKSUM: 387a4777a0acf2fecaa335f3f058fe7945f9fbdb

<<<<<<< HEAD
COCOAPODS: 1.8.4
=======
COCOAPODS: 1.9.3
>>>>>>> 2e2fce010eba1bcffc2ee2f40a05f4b6b5d1a326
